
Microsoft Visual Studio Solution File, Format Version 12.00
# Visual Studio Version 17
VisualStudioVersion = 17.8.34330.188
MinimumVisualStudioVersion = 10.0.40219.1
Project("{FAE04EC0-301F-11D3-BF4B-00C04F79EFBC}") = "CLoud POE ST10097535", "CLoud POE ST10097535.csproj", "{CC8BF100-35AB-443A-A11B-5D1D30D129B3}"
EndProject
Global
	GlobalSection(SolutionConfigurationPlatforms) = preSolution
		Debug|Any CPU = Debug|Any CPU
		Release|Any CPU = Release|Any CPU
	EndGlobalSection
	GlobalSection(ProjectConfigurationPlatforms) = postSolution
		{CC8BF100-35AB-443A-A11B-5D1D30D129B3}.Debug|Any CPU.ActiveCfg = Debug|Any CPU
		{CC8BF100-35AB-443A-A11B-5D1D30D129B3}.Debug|Any CPU.Build.0 = Debug|Any CPU
		{CC8BF100-35AB-443A-A11B-5D1D30D129B3}.Release|Any CPU.ActiveCfg = Release|Any CPU
		{CC8BF100-35AB-443A-A11B-5D1D30D129B3}.Release|Any CPU.Build.0 = Release|Any CPU
	EndGlobalSection
	GlobalSection(SolutionProperties) = preSolution
		HideSolutionNode = FALSE
	EndGlobalSection
	GlobalSection(ExtensibilityGlobals) = postSolution
		SolutionGuid = {CD2E1B9B-81BE-443D-8A4C-586A0A721760}
	EndGlobalSection
EndGlobal
